// !$*UTF8*$!
{
	archiveVersion = 1;
	classes = {
	};
	objectVersion = 55;
	objects = {

/* Begin PBXBuildFile section */
		C8C8D4F427226ED500FB0CAB /* TypeSimpleAnswerApp.swift in Sources */ = {isa = PBXBuildFile; fileRef = C8C8D4F327226ED500FB0CAB /* TypeSimpleAnswerApp.swift */; };
		C8C8D4F627226ED500FB0CAB /* ContentView.swift in Sources */ = {isa = PBXBuildFile; fileRef = C8C8D4F527226ED500FB0CAB /* ContentView.swift */; };
		C8C8D4F827226ED700FB0CAB /* Assets.xcassets in Resources */ = {isa = PBXBuildFile; fileRef = C8C8D4F727226ED700FB0CAB /* Assets.xcassets */; };
		C8C8D4FB27226ED700FB0CAB /* Preview Assets.xcassets in Resources */ = {isa = PBXBuildFile; fileRef = C8C8D4FA27226ED700FB0CAB /* Preview Assets.xcassets */; };
		C8C8D5022722728100FB0CAB /* QuestionView.swift in Sources */ = {isa = PBXBuildFile; fileRef = C8C8D5012722728100FB0CAB /* QuestionView.swift */; };
		C8C8D5042722729100FB0CAB /* AnswerView.swift in Sources */ = {isa = PBXBuildFile; fileRef = C8C8D5032722729100FB0CAB /* AnswerView.swift */; };
		C8C8D506272272A500FB0CAB /* Lesson.swift in Sources */ = {isa = PBXBuildFile; fileRef = C8C8D505272272A500FB0CAB /* Lesson.swift */; };
		C8C8D508272272B100FB0CAB /* Quiz.swift in Sources */ = {isa = PBXBuildFile; fileRef = C8C8D507272272B100FB0CAB /* Quiz.swift */; };
		C8C8D50B2722735A00FB0CAB /* Cartoon Brass Fail.wav in Resources */ = {isa = PBXBuildFile; fileRef = C8C8D50A2722735A00FB0CAB /* Cartoon Brass Fail.wav */; };
		C8C8D50D2722736B00FB0CAB /* Cartoon Big Win.wav in Resources */ = {isa = PBXBuildFile; fileRef = C8C8D50C2722736B00FB0CAB /* Cartoon Big Win.wav */; };
		C8C8D50F2722738400FB0CAB /* Bright Right Answer 4.wav in Resources */ = {isa = PBXBuildFile; fileRef = C8C8D50E2722738400FB0CAB /* Bright Right Answer 4.wav */; };
		C8C8D51127228A4400FB0CAB /* Color.swift in Sources */ = {isa = PBXBuildFile; fileRef = C8C8D51027228A4400FB0CAB /* Color.swift */; };
		C8C8D5142723268E00FB0CAB /* clapping_pingu.mp4 in Resources */ = {isa = PBXBuildFile; fileRef = C8C8D5132723268E00FB0CAB /* clapping_pingu.mp4 */; };
/* End PBXBuildFile section */

/* Begin PBXFileReference section */
		C8C8D4F027226ED500FB0CAB /* TypeSimpleAnswer.app */ = {isa = PBXFileReference; explicitFileType = wrapper.application; includeInIndex = 0; path = TypeSimpleAnswer.app; sourceTree = BUILT_PRODUCTS_DIR; };
		C8C8D4F327226ED500FB0CAB /* TypeSimpleAnswerApp.swift */ = {isa = PBXFileReference; lastKnownFileType = sourcecode.swift; path = TypeSimpleAnswerApp.swift; sourceTree = "<group>"; };
		C8C8D4F527226ED500FB0CAB /* ContentView.swift */ = {isa = PBXFileReference; lastKnownFileType = sourcecode.swift; path = ContentView.swift; sourceTree = "<group>"; };
		C8C8D4F727226ED700FB0CAB /* Assets.xcassets */ = {isa = PBXFileReference; lastKnownFileType = folder.assetcatalog; path = Assets.xcassets; sourceTree = "<group>"; };
		C8C8D4FA27226ED700FB0CAB /* Preview Assets.xcassets */ = {isa = PBXFileReference; lastKnownFileType = folder.assetcatalog; path = "Preview Assets.xcassets"; sourceTree = "<group>"; };
		C8C8D5012722728100FB0CAB /* QuestionView.swift */ = {isa = PBXFileReference; lastKnownFileType = sourcecode.swift; path = QuestionView.swift; sourceTree = "<group>"; };
		C8C8D5032722729100FB0CAB /* AnswerView.swift */ = {isa = PBXFileReference; lastKnownFileType = sourcecode.swift; path = AnswerView.swift; sourceTree = "<group>"; };
		C8C8D505272272A500FB0CAB /* Lesson.swift */ = {isa = PBXFileReference; lastKnownFileType = sourcecode.swift; path = Lesson.swift; sourceTree = "<group>"; };
		C8C8D507272272B100FB0CAB /* Quiz.swift */ = {isa = PBXFileReference; lastKnownFileType = sourcecode.swift; path = Quiz.swift; sourceTree = "<group>"; };
		C8C8D50A2722735A00FB0CAB /* Cartoon Brass Fail.wav */ = {isa = PBXFileReference; lastKnownFileType = audio.wav; path = "Cartoon Brass Fail.wav"; sourceTree = "<group>"; };
		C8C8D50C2722736B00FB0CAB /* Cartoon Big Win.wav */ = {isa = PBXFileReference; lastKnownFileType = audio.wav; path = "Cartoon Big Win.wav"; sourceTree = "<group>"; };
		C8C8D50E2722738400FB0CAB /* Bright Right Answer 4.wav */ = {isa = PBXFileReference; lastKnownFileType = audio.wav; path = "Bright Right Answer 4.wav"; sourceTree = "<group>"; };
		C8C8D51027228A4400FB0CAB /* Color.swift */ = {isa = PBXFileReference; lastKnownFileType = sourcecode.swift; path = Color.swift; sourceTree = "<group>"; };
		C8C8D5132723268E00FB0CAB /* clapping_pingu.mp4 */ = {isa = PBXFileReference; lastKnownFileType = file; path = clapping_pingu.mp4; sourceTree = "<group>"; };
/* End PBXFileReference section */

/* Begin PBXFrameworksBuildPhase section */
		C8C8D4ED27226ED500FB0CAB /* Frameworks */ = {
			isa = PBXFrameworksBuildPhase;
			buildActionMask = 2147483647;
			files = (
			);
			runOnlyForDeploymentPostprocessing = 0;
		};
/* End PBXFrameworksBuildPhase section */

/* Begin PBXGroup section */
		C8C8D4E727226ED500FB0CAB = {
			isa = PBXGroup;
			children = (
				C8C8D4F227226ED500FB0CAB /* TypeSimpleAnswer */,
				C8C8D4F127226ED500FB0CAB /* Products */,
			);
			sourceTree = "<group>";
		};
		C8C8D4F127226ED500FB0CAB /* Products */ = {
			isa = PBXGroup;
			children = (
				C8C8D4F027226ED500FB0CAB /* TypeSimpleAnswer.app */,
			);
			name = Products;
			sourceTree = "<group>";
		};
		C8C8D4F227226ED500FB0CAB /* TypeSimpleAnswer */ = {
			isa = PBXGroup;
			children = (
				C8C8D5122723267300FB0CAB /* MovieClips */,
				C8C8D5092722733500FB0CAB /* Sounds */,
				C8C8D4F327226ED500FB0CAB /* TypeSimpleAnswerApp.swift */,
				C8C8D4F527226ED500FB0CAB /* ContentView.swift */,
				C8C8D4F727226ED700FB0CAB /* Assets.xcassets */,
				C8C8D4F927226ED700FB0CAB /* Preview Content */,
				C8C8D5012722728100FB0CAB /* QuestionView.swift */,
				C8C8D5032722729100FB0CAB /* AnswerView.swift */,
				C8C8D505272272A500FB0CAB /* Lesson.swift */,
				C8C8D507272272B100FB0CAB /* Quiz.swift */,
				C8C8D51027228A4400FB0CAB /* Color.swift */,
			);
			path = TypeSimpleAnswer;
			sourceTree = "<group>";
		};
		C8C8D4F927226ED700FB0CAB /* Preview Content */ = {
			isa = PBXGroup;
			children = (
				C8C8D4FA27226ED700FB0CAB /* Preview Assets.xcassets */,
			);
			path = "Preview Content";
			sourceTree = "<group>";
		};
		C8C8D5092722733500FB0CAB /* Sounds */ = {
			isa = PBXGroup;
			children = (
				C8C8D50E2722738400FB0CAB /* Bright Right Answer 4.wav */,
				C8C8D50C2722736B00FB0CAB /* Cartoon Big Win.wav */,
				C8C8D50A2722735A00FB0CAB /* Cartoon Brass Fail.wav */,
			);
			path = Sounds;
			sourceTree = "<group>";
		};
		C8C8D5122723267300FB0CAB /* MovieClips */ = {
			isa = PBXGroup;
			children = (
				C8C8D5132723268E00FB0CAB /* clapping_pingu.mp4 */,
			);
			path = MovieClips;
			sourceTree = "<group>";
		};
/* End PBXGroup section */

/* Begin PBXNativeTarget section */
		C8C8D4EF27226ED500FB0CAB /* TypeSimpleAnswer */ = {
			isa = PBXNativeTarget;
			buildConfigurationList = C8C8D4FE27226ED700FB0CAB /* Build configuration list for PBXNativeTarget "TypeSimpleAnswer" */;
			buildPhases = (
				C8C8D4EC27226ED500FB0CAB /* Sources */,
				C8C8D4ED27226ED500FB0CAB /* Frameworks */,
				C8C8D4EE27226ED500FB0CAB /* Resources */,
			);
			buildRules = (
			);
			dependencies = (
			);
			name = TypeSimpleAnswer;
			productName = TypeSimpleAnswer;
			productReference = C8C8D4F027226ED500FB0CAB /* TypeSimpleAnswer.app */;
			productType = "com.apple.product-type.application";
		};
/* End PBXNativeTarget section */

/* Begin PBXProject section */
		C8C8D4E827226ED500FB0CAB /* Project object */ = {
			isa = PBXProject;
			attributes = {
				BuildIndependentTargetsInParallel = 1;
				LastSwiftUpdateCheck = 1300;
				LastUpgradeCheck = 1300;
				TargetAttributes = {
					C8C8D4EF27226ED500FB0CAB = {
						CreatedOnToolsVersion = 13.0;
					};
				};
			};
			buildConfigurationList = C8C8D4EB27226ED500FB0CAB /* Build configuration list for PBXProject "TypeSimpleAnswer" */;
			compatibilityVersion = "Xcode 13.0";
			developmentRegion = en;
			hasScannedForEncodings = 0;
			knownRegions = (
				en,
				Base,
			);
			mainGroup = C8C8D4E727226ED500FB0CAB;
			productRefGroup = C8C8D4F127226ED500FB0CAB /* Products */;
			projectDirPath = "";
			projectRoot = "";
			targets = (
				C8C8D4EF27226ED500FB0CAB /* TypeSimpleAnswer */,
			);
		};
/* End PBXProject section */

/* Begin PBXResourcesBuildPhase section */
		C8C8D4EE27226ED500FB0CAB /* Resources */ = {
			isa = PBXResourcesBuildPhase;
			buildActionMask = 2147483647;
			files = (
				C8C8D4FB27226ED700FB0CAB /* Preview Assets.xcassets in Resources */,
				C8C8D50D2722736B00FB0CAB /* Cartoon Big Win.wav in Resources */,
				C8C8D50F2722738400FB0CAB /* Bright Right Answer 4.wav in Resources */,
				C8C8D5142723268E00FB0CAB /* clapping_pingu.mp4 in Resources */,
				C8C8D50B2722735A00FB0CAB /* Cartoon Brass Fail.wav in Resources */,
				C8C8D4F827226ED700FB0CAB /* Assets.xcassets in Resources */,
			);
			runOnlyForDeploymentPostprocessing = 0;
		};
/* End PBXResourcesBuildPhase section */

/* Begin PBXSourcesBuildPhase section */
		C8C8D4EC27226ED500FB0CAB /* Sources */ = {
			isa = PBXSourcesBuildPhase;
			buildActionMask = 2147483647;
			files = (
				C8C8D506272272A500FB0CAB /* Lesson.swift in Sources */,
				C8C8D4F627226ED500FB0CAB /* ContentView.swift in Sources */,
				C8C8D51127228A4400FB0CAB /* Color.swift in Sources */,
				C8C8D508272272B100FB0CAB /* Quiz.swift in Sources */,
				C8C8D5022722728100FB0CAB /* QuestionView.swift in Sources */,
				C8C8D5042722729100FB0CAB /* AnswerView.swift in Sources */,
				C8C8D4F427226ED500FB0CAB /* TypeSimpleAnswerApp.swift in Sources */,
			);
			runOnlyForDeploymentPostprocessing = 0;
		};
/* End PBXSourcesBuildPhase section */

/* Begin XCBuildConfiguration section */
		C8C8D4FC27226ED700FB0CAB /* Debug */ = {
			isa = XCBuildConfiguration;
			buildSettings = {
				ALWAYS_SEARCH_USER_PATHS = NO;
				CLANG_ANALYZER_NONNULL = YES;
				CLANG_ANALYZER_NUMBER_OBJECT_CONVERSION = YES_AGGRESSIVE;
				CLANG_CXX_LANGUAGE_STANDARD = "gnu++17";
				CLANG_CXX_LIBRARY = "libc++";
				CLANG_ENABLE_MODULES = YES;
				CLANG_ENABLE_OBJC_ARC = YES;
				CLANG_ENABLE_OBJC_WEAK = YES;
				CLANG_WARN_BLOCK_CAPTURE_AUTORELEASING = YES;
				CLANG_WARN_BOOL_CONVERSION = YES;
				CLANG_WARN_COMMA = YES;
				CLANG_WARN_CONSTANT_CONVERSION = YES;
				CLANG_WARN_DEPRECATED_OBJC_IMPLEMENTATIONS = YES;
				CLANG_WARN_DIRECT_OBJC_ISA_USAGE = YES_ERROR;
				CLANG_WARN_DOCUMENTATION_COMMENTS = YES;
				CLANG_WARN_EMPTY_BODY = YES;
				CLANG_WARN_ENUM_CONVERSION = YES;
				CLANG_WARN_INFINITE_RECURSION = YES;
				CLANG_WARN_INT_CONVERSION = YES;
				CLANG_WARN_NON_LITERAL_NULL_CONVERSION = YES;
				CLANG_WARN_OBJC_IMPLICIT_RETAIN_SELF = YES;
				CLANG_WARN_OBJC_LITERAL_CONVERSION = YES;
				CLANG_WARN_OBJC_ROOT_CLASS = YES_ERROR;
				CLANG_WARN_QUOTED_INCLUDE_IN_FRAMEWORK_HEADER = YES;
				CLANG_WARN_RANGE_LOOP_ANALYSIS = YES;
				CLANG_WARN_STRICT_PROTOTYPES = YES;
				CLANG_WARN_SUSPICIOUS_MOVE = YES;
				CLANG_WARN_UNGUARDED_AVAILABILITY = YES_AGGRESSIVE;
				CLANG_WARN_UNREACHABLE_CODE = YES;
				CLANG_WARN__DUPLICATE_METHOD_MATCH = YES;
				COPY_PHASE_STRIP = NO;
				DEBUG_INFORMATION_FORMAT = dwarf;
				ENABLE_STRICT_OBJC_MSGSEND = YES;
				ENABLE_TESTABILITY = YES;
				GCC_C_LANGUAGE_STANDARD = gnu11;
				GCC_DYNAMIC_NO_PIC = NO;
				GCC_NO_COMMON_BLOCKS = YES;
				GCC_OPTIMIZATION_LEVEL = 0;
				GCC_PREPROCESSOR_DEFINITIONS = (
					"DEBUG=1",
					"$(inherited)",
				);
				GCC_WARN_64_TO_32_BIT_CONVERSION = YES;
				GCC_WARN_ABOUT_RETURN_TYPE = YES_ERROR;
				GCC_WARN_UNDECLARED_SELECTOR = YES;
				GCC_WARN_UNINITIALIZED_AUTOS = YES_AGGRESSIVE;
				GCC_WARN_UNUSED_FUNCTION = YES;
				GCC_WARN_UNUSED_VARIABLE = YES;
				MACOSX_DEPLOYMENT_TARGET = 11.6;
				MTL_ENABLE_DEBUG_INFO = INCLUDE_SOURCE;
				MTL_FAST_MATH = YES;
				ONLY_ACTIVE_ARCH = YES;
				SDKROOT = macosx;
				SWIFT_ACTIVE_COMPILATION_CONDITIONS = DEBUG;
				SWIFT_OPTIMIZATION_LEVEL = "-Onone";
			};
			name = Debug;
		};
		C8C8D4FD27226ED700FB0CAB /* Release */ = {
			isa = XCBuildConfiguration;
			buildSettings = {
				ALWAYS_SEARCH_USER_PATHS = NO;
				CLANG_ANALYZER_NONNULL = YES;
				CLANG_ANALYZER_NUMBER_OBJECT_CONVERSION = YES_AGGRESSIVE;
				CLANG_CXX_LANGUAGE_STANDARD = "gnu++17";
				CLANG_CXX_LIBRARY = "libc++";
				CLANG_ENABLE_MODULES = YES;
				CLANG_ENABLE_OBJC_ARC = YES;
				CLANG_ENABLE_OBJC_WEAK = YES;
				CLANG_WARN_BLOCK_CAPTURE_AUTORELEASING = YES;
				CLANG_WARN_BOOL_CONVERSION = YES;
				CLANG_WARN_COMMA = YES;
				CLANG_WARN_CONSTANT_CONVERSION = YES;
				CLANG_WARN_DEPRECATED_OBJC_IMPLEMENTATIONS = YES;
				CLANG_WARN_DIRECT_OBJC_ISA_USAGE = YES_ERROR;
				CLANG_WARN_DOCUMENTATION_COMMENTS = YES;
				CLANG_WARN_EMPTY_BODY = YES;
				CLANG_WARN_ENUM_CONVERSION = YES;
				CLANG_WARN_INFINITE_RECURSION = YES;
				CLANG_WARN_INT_CONVERSION = YES;
				CLANG_WARN_NON_LITERAL_NULL_CONVERSION = YES;
				CLANG_WARN_OBJC_IMPLICIT_RETAIN_SELF = YES;
				CLANG_WARN_OBJC_LITERAL_CONVERSION = YES;
				CLANG_WARN_OBJC_ROOT_CLASS = YES_ERROR;
				CLANG_WARN_QUOTED_INCLUDE_IN_FRAMEWORK_HEADER = YES;
				CLANG_WARN_RANGE_LOOP_ANALYSIS = YES;
				CLANG_WARN_STRICT_PROTOTYPES = YES;
				CLANG_WARN_SUSPICIOUS_MOVE = YES;
				CLANG_WARN_UNGUARDED_AVAILABILITY = YES_AGGRESSIVE;
				CLANG_WARN_UNREACHABLE_CODE = YES;
				CLANG_WARN__DUPLICATE_METHOD_MATCH = YES;
				COPY_PHASE_STRIP = NO;
				DEBUG_INFORMATION_FORMAT = "dwarf-with-dsym";
				ENABLE_NS_ASSERTIONS = NO;
				ENABLE_STRICT_OBJC_MSGSEND = YES;
				GCC_C_LANGUAGE_STANDARD = gnu11;
				GCC_NO_COMMON_BLOCKS = YES;
				GCC_WARN_64_TO_32_BIT_CONVERSION = YES;
				GCC_WARN_ABOUT_RETURN_TYPE = YES_ERROR;
				GCC_WARN_UNDECLARED_SELECTOR = YES;
				GCC_WARN_UNINITIALIZED_AUTOS = YES_AGGRESSIVE;
				GCC_WARN_UNUSED_FUNCTION = YES;
				GCC_WARN_UNUSED_VARIABLE = YES;
				MACOSX_DEPLOYMENT_TARGET = 11.6;
				MTL_ENABLE_DEBUG_INFO = NO;
				MTL_FAST_MATH = YES;
				SDKROOT = macosx;
				SWIFT_COMPILATION_MODE = wholemodule;
				SWIFT_OPTIMIZATION_LEVEL = "-O";
			};
			name = Release;
		};
		C8C8D4FF27226ED700FB0CAB /* Debug */ = {
			isa = XCBuildConfiguration;
			buildSettings = {
				ASSETCATALOG_COMPILER_APPICON_NAME = AppIcon;
				ASSETCATALOG_COMPILER_GLOBAL_ACCENT_COLOR_NAME = AccentColor;
				CODE_SIGN_STYLE = Automatic;
				COMBINE_HIDPI_IMAGES = YES;
				CURRENT_PROJECT_VERSION = 1;
				DEVELOPMENT_ASSET_PATHS = "\"TypeSimpleAnswer/Preview Content\"";
				DEVELOPMENT_TEAM = 23BXR5AUUB;
				ENABLE_APP_SANDBOX = YES;
				ENABLE_HARDENED_RUNTIME = YES;
				ENABLE_PREVIEWS = YES;
				ENABLE_USER_SELECTED_FILES = readonly;
				GENERATE_INFOPLIST_FILE = YES;
				INFOPLIST_KEY_NSHumanReadableCopyright = "";
				LD_RUNPATH_SEARCH_PATHS = (
					"$(inherited)",
					"@executable_path/../Frameworks",
				);
				MACOSX_DEPLOYMENT_TARGET = 11.0;
				MARKETING_VERSION = 1.0;
				PRODUCT_BUNDLE_IDENTIFIER = tw.elosoft.TypeSimpleAnswer;
				PRODUCT_NAME = "$(TARGET_NAME)";
				SWIFT_EMIT_LOC_STRINGS = YES;
				SWIFT_VERSION = 5.0;
			};
			name = Debug;
		};
		C8C8D50027226ED700FB0CAB /* Release */ = {
			isa = XCBuildConfiguration;
			buildSettings = {
				ASSETCATALOG_COMPILER_APPICON_NAME = AppIcon;
				ASSETCATALOG_COMPILER_GLOBAL_ACCENT_COLOR_NAME = AccentColor;
				CODE_SIGN_STYLE = Automatic;
				COMBINE_HIDPI_IMAGES = YES;
				CURRENT_PROJECT_VERSION = 1;
				DEVELOPMENT_ASSET_PATHS = "\"TypeSimpleAnswer/Preview Content\"";
				DEVELOPMENT_TEAM = 23BXR5AUUB;
				ENABLE_APP_SANDBOX = YES;
				ENABLE_HARDENED_RUNTIME = YES;
				ENABLE_PREVIEWS = YES;
				ENABLE_USER_SELECTED_FILES = readonly;
				GENERATE_INFOPLIST_FILE = YES;
				INFOPLIST_KEY_NSHumanReadableCopyright = "";
				LD_RUNPATH_SEARCH_PATHS = (
					"$(inherited)",
					"@executable_path/../Frameworks",
				);
				MACOSX_DEPLOYMENT_TARGET = 11.0;
				MARKETING_VERSION = 1.0;
				PRODUCT_BUNDLE_IDENTIFIER = tw.elosoft.TypeSimpleAnswer;
				PRODUCT_NAME = "$(TARGET_NAME)";
				SWIFT_EMIT_LOC_STRINGS = YES;
				SWIFT_VERSION = 5.0;
			};
			name = Release;
		};
/* End XCBuildConfiguration section */

/* Begin XCConfigurationList section */
		C8C8D4EB27226ED500FB0CAB /* Build configuration list for PBXProject "TypeSimpleAnswer" */ = {
			isa = XCConfigurationList;
			buildConfigurations = (
				C8C8D4FC27226ED700FB0CAB /* Debug */,
				C8C8D4FD27226ED700FB0CAB /* Release */,
			);
			defaultConfigurationIsVisible = 0;
			defaultConfigurationName = Release;
		};
		C8C8D4FE27226ED700FB0CAB /* Build configuration list for PBXNativeTarget "TypeSimpleAnswer" */ = {
			isa = XCConfigurationList;
			buildConfigurations = (
				C8C8D4FF27226ED700FB0CAB /* Debug */,
				C8C8D50027226ED700FB0CAB /* Release */,
			);
			defaultConfigurationIsVisible = 0;
			defaultConfigurationName = Release;
		};
/* End XCConfigurationList section */
	};
	rootObject = C8C8D4E827226ED500FB0CAB /* Project object */;
}
